// !$*UTF8*$!
{
	archiveVersion = 1;
	classes = {
	};
	objectVersion = 46;
	objects = {

/* Begin PBXBuildFile section */
		01EE0B9C1DF09AC30019760F /* AppDelegate.swift in Sources */ = {isa = PBXBuildFile; fileRef = 01EE0B9B1DF09AC30019760F /* AppDelegate.swift */; };
		01EE0B9E1DF09AC30019760F /* ViewController.swift in Sources */ = {isa = PBXBuildFile; fileRef = 01EE0B9D1DF09AC30019760F /* ViewController.swift */; };
		01EE0BA11DF09AC30019760F /* Main.storyboard in Resources */ = {isa = PBXBuildFile; fileRef = 01EE0B9F1DF09AC30019760F /* Main.storyboard */; };
		01EE0BA31DF09AC30019760F /* Assets.xcassets in Resources */ = {isa = PBXBuildFile; fileRef = 01EE0BA21DF09AC30019760F /* Assets.xcassets */; };
		01EE0BA61DF09AC30019760F /* LaunchScreen.storyboard in Resources */ = {isa = PBXBuildFile; fileRef = 01EE0BA41DF09AC30019760F /* LaunchScreen.storyboard */; };
		01EE0BAE1DF0A0130019760F /* ImageProcessUtil.swift in Sources */ = {isa = PBXBuildFile; fileRef = 01EE0BAD1DF0A0130019760F /* ImageProcessUtil.swift */; };
/* End PBXBuildFile section */

/* Begin PBXFileReference section */
		01EE0B981DF09AC30019760F /* PanoramaCamera.app */ = {isa = PBXFileReference; explicitFileType = wrapper.application; includeInIndex = 0; path = PanoramaCamera.app; sourceTree = BUILT_PRODUCTS_DIR; };
		01EE0B9B1DF09AC30019760F /* AppDelegate.swift */ = {isa = PBXFileReference; lastKnownFileType = sourcecode.swift; path = AppDelegate.swift; sourceTree = "<group>"; };
		01EE0B9D1DF09AC30019760F /* ViewController.swift */ = {isa = PBXFileReference; lastKnownFileType = sourcecode.swift; path = ViewController.swift; sourceTree = "<group>"; };
		01EE0BA01DF09AC30019760F /* Base */ = {isa = PBXFileReference; lastKnownFileType = file.storyboard; name = Base; path = Base.lproj/Main.storyboard; sourceTree = "<group>"; };
		01EE0BA21DF09AC30019760F /* Assets.xcassets */ = {isa = PBXFileReference; lastKnownFileType = folder.assetcatalog; path = Assets.xcassets; sourceTree = "<group>"; };
		01EE0BA51DF09AC30019760F /* Base */ = {isa = PBXFileReference; lastKnownFileType = file.storyboard; name = Base; path = Base.lproj/LaunchScreen.storyboard; sourceTree = "<group>"; };
		01EE0BA71DF09AC30019760F /* Info.plist */ = {isa = PBXFileReference; lastKnownFileType = text.plist.xml; path = Info.plist; sourceTree = "<group>"; };
		01EE0BAD1DF0A0130019760F /* ImageProcessUtil.swift */ = {isa = PBXFileReference; fileEncoding = 4; lastKnownFileType = sourcecode.swift; path = ImageProcessUtil.swift; sourceTree = "<group>"; };
/* End PBXFileReference section */

/* Begin PBXFrameworksBuildPhase section */
		01EE0B951DF09AC30019760F /* Frameworks */ = {
			isa = PBXFrameworksBuildPhase;
			buildActionMask = 2147483647;
			files = (
			);
			runOnlyForDeploymentPostprocessing = 0;
		};
/* End PBXFrameworksBuildPhase section */

/* Begin PBXGroup section */
		01EE0B8F1DF09AC30019760F = {
			isa = PBXGroup;
			children = (
				01EE0B9A1DF09AC30019760F /* PanoramaCamera */,
				01EE0B991DF09AC30019760F /* Products */,
			);
			sourceTree = "<group>";
		};
		01EE0B991DF09AC30019760F /* Products */ = {
			isa = PBXGroup;
			children = (
				01EE0B981DF09AC30019760F /* PanoramaCamera.app */,
			);
			name = Products;
			sourceTree = "<group>";
		};
		01EE0B9A1DF09AC30019760F /* PanoramaCamera */ = {
			isa = PBXGroup;
			children = (
				01EE0B9B1DF09AC30019760F /* AppDelegate.swift */,
				01EE0B9D1DF09AC30019760F /* ViewController.swift */,
				01EE0B9F1DF09AC30019760F /* Main.storyboard */,
				01EE0BA21DF09AC30019760F /* Assets.xcassets */,
				01EE0BA41DF09AC30019760F /* LaunchScreen.storyboard */,
				01EE0BA71DF09AC30019760F /* Info.plist */,
				01EE0BAD1DF0A0130019760F /* ImageProcessUtil.swift */,
			);
			path = PanoramaCamera;
			sourceTree = "<group>";
		};
/* End PBXGroup section */

/* Begin PBXNativeTarget section */
		01EE0B971DF09AC30019760F /* PanoramaCamera */ = {
			isa = PBXNativeTarget;
			buildConfigurationList = 01EE0BAA1DF09AC30019760F /* Build configuration list for PBXNativeTarget "PanoramaCamera" */;
			buildPhases = (
				01EE0B941DF09AC30019760F /* Sources */,
				01EE0B951DF09AC30019760F /* Frameworks */,
				01EE0B961DF09AC30019760F /* Resources */,
			);
			buildRules = (
			);
			dependencies = (
			);
			name = PanoramaCamera;
			productName = PanoramaCamera;
			productReference = 01EE0B981DF09AC30019760F /* PanoramaCamera.app */;
			productType = "com.apple.product-type.application";
		};
/* End PBXNativeTarget section */

/* Begin PBXProject section */
		01EE0B901DF09AC30019760F /* Project object */ = {
			isa = PBXProject;
			attributes = {
				LastSwiftUpdateCheck = 0810;
				LastUpgradeCheck = 0810;
				ORGANIZATIONNAME = "Kris Yang";
				TargetAttributes = {
					01EE0B971DF09AC30019760F = {
						CreatedOnToolsVersion = 8.1;
						DevelopmentTeam = 9A38T68U32;
						ProvisioningStyle = Automatic;
					};
				};
			};
			buildConfigurationList = 01EE0B931DF09AC30019760F /* Build configuration list for PBXProject "PanoramaCamera" */;
			compatibilityVersion = "Xcode 3.2";
			developmentRegion = English;
			hasScannedForEncodings = 0;
			knownRegions = (
				en,
				Base,
			);
			mainGroup = 01EE0B8F1DF09AC30019760F;
			productRefGroup = 01EE0B991DF09AC30019760F /* Products */;
			projectDirPath = "";
			projectRoot = "";
			targets = (
				01EE0B971DF09AC30019760F /* PanoramaCamera */,
			);
		};
/* End PBXProject section */

/* Begin PBXResourcesBuildPhase section */
		01EE0B961DF09AC30019760F /* Resources */ = {
			isa = PBXResourcesBuildPhase;
			buildActionMask = 2147483647;
			files = (
				01EE0BA61DF09AC30019760F /* LaunchScreen.storyboard in Resources */,
				01EE0BA31DF09AC30019760F /* Assets.xcassets in Resources */,
				01EE0BA11DF09AC30019760F /* Main.storyboard in Resources */,
			);
			runOnlyForDeploymentPostprocessing = 0;
		};
/* End PBXResourcesBuildPhase section */

/* Begin PBXSourcesBuildPhase section */
		01EE0B941DF09AC30019760F /* Sources */ = {
			isa = PBXSourcesBuildPhase;
			buildActionMask = 2147483647;
			files = (
				01EE0B9E1DF09AC30019760F /* ViewController.swift in Sources */,
				01EE0B9C1DF09AC30019760F /* AppDelegate.swift in Sources */,
				01EE0BAE1DF0A0130019760F /* ImageProcessUtil.swift in Sources */,
			);
			runOnlyForDeploymentPostprocessing = 0;
		};
/* End PBXSourcesBuildPhase section */

/* Begin PBXVariantGroup section */
		01EE0B9F1DF09AC30019760F /* Main.storyboard */ = {
			isa = PBXVariantGroup;
			children = (
				01EE0BA01DF09AC30019760F /* Base */,
			);
			name = Main.storyboard;
			sourceTree = "<group>";
		};
		01EE0BA41DF09AC30019760F /* LaunchScreen.storyboard */ = {
			isa = PBXVariantGroup;
			children = (
				01EE0BA51DF09AC30019760F /* Base */,
			);
			name = LaunchScreen.storyboard;
			sourceTree = "<group>";
		};
/* End PBXVariantGroup section */

/* Begin XCBuildConfiguration section */
		01EE0BA81DF09AC30019760F /* Debug */ = {
			isa = XCBuildConfiguration;
			buildSettings = {
				ALWAYS_SEARCH_USER_PATHS = NO;
				CLANG_ANALYZER_NONNULL = YES;
				CLANG_CXX_LANGUAGE_STANDARD = "gnu++0x";
				CLANG_CXX_LIBRARY = "libc++";
				CLANG_ENABLE_MODULES = YES;
				CLANG_ENABLE_OBJC_ARC = YES;
				CLANG_WARN_BOOL_CONVERSION = YES;
				CLANG_WARN_CONSTANT_CONVERSION = YES;
				CLANG_WARN_DIRECT_OBJC_ISA_USAGE = YES_ERROR;
				CLANG_WARN_DOCUMENTATION_COMMENTS = YES;
				CLANG_WARN_EMPTY_BODY = YES;
				CLANG_WARN_ENUM_CONVERSION = YES;
				CLANG_WARN_INFINITE_RECURSION = YES;
				CLANG_WARN_INT_CONVERSION = YES;
				CLANG_WARN_OBJC_ROOT_CLASS = YES_ERROR;
				CLANG_WARN_SUSPICIOUS_MOVES = YES;
				CLANG_WARN_UNREACHABLE_CODE = YES;
				CLANG_WARN__DUPLICATE_METHOD_MATCH = YES;
				"CODE_SIGN_IDENTITY[sdk=iphoneos*]" = "iPhone Developer";
				COPY_PHASE_STRIP = NO;
				DEBUG_INFORMATION_FORMAT = dwarf;
				ENABLE_STRICT_OBJC_MSGSEND = YES;
				ENABLE_TESTABILITY = YES;
				GCC_C_LANGUAGE_STANDARD = gnu99;
				GCC_DYNAMIC_NO_PIC = NO;
				GCC_NO_COMMON_BLOCKS = YES;
				GCC_OPTIMIZATION_LEVEL = 0;
				GCC_PREPROCESSOR_DEFINITIONS = (
					"DEBUG=1",
					"$(inherited)",
				);
				GCC_WARN_64_TO_32_BIT_CONVERSION = YES;
				GCC_WARN_ABOUT_RETURN_TYPE = YES_ERROR;
				GCC_WARN_UNDECLARED_SELECTOR = YES;
				GCC_WARN_UNINITIALIZED_AUTOS = YES_AGGRESSIVE;
				GCC_WARN_UNUSED_FUNCTION = YES;
				GCC_WARN_UNUSED_VARIABLE = YES;
				IPHONEOS_DEPLOYMENT_TARGET = 10.1;
				MTL_ENABLE_DEBUG_INFO = YES;
				ONLY_ACTIVE_ARCH = YES;
				SDKROOT = iphoneos;
				SWIFT_ACTIVE_COMPILATION_CONDITIONS = DEBUG;
				SWIFT_OPTIMIZATION_LEVEL = "-Onone";
			};
			name = Debug;
		};
		01EE0BA91DF09AC30019760F /* Release */ = {
			isa = XCBuildConfiguration;
			buildSettings = {
				ALWAYS_SEARCH_USER_PATHS = NO;
				CLANG_ANALYZER_NONNULL = YES;
				CLANG_CXX_LANGUAGE_STANDARD = "gnu++0x";
				CLANG_CXX_LIBRARY = "libc++";
				CLANG_ENABLE_MODULES = YES;
				CLANG_ENABLE_OBJC_ARC = YES;
				CLANG_WARN_BOOL_CONVERSION = YES;
				CLANG_WARN_CONSTANT_CONVERSION = YES;
				CLANG_WARN_DIRECT_OBJC_ISA_USAGE = YES_ERROR;
				CLANG_WARN_DOCUMENTATION_COMMENTS = YES;
				CLANG_WARN_EMPTY_BODY = YES;
				CLANG_WARN_ENUM_CONVERSION = YES;
				CLANG_WARN_INFINITE_RECURSION = YES;
				CLANG_WARN_INT_CONVERSION = YES;
				CLANG_WARN_OBJC_ROOT_CLASS = YES_ERROR;
				CLANG_WARN_SUSPICIOUS_MOVES = YES;
				CLANG_WARN_UNREACHABLE_CODE = YES;
				CLANG_WARN__DUPLICATE_METHOD_MATCH = YES;
				"CODE_SIGN_IDENTITY[sdk=iphoneos*]" = "iPhone Developer";
				COPY_PHASE_STRIP = NO;
				DEBUG_INFORMATION_FORMAT = "dwarf-with-dsym";
				ENABLE_NS_ASSERTIONS = NO;
				ENABLE_STRICT_OBJC_MSGSEND = YES;
				GCC_C_LANGUAGE_STANDARD = gnu99;
				GCC_NO_COMMON_BLOCKS = YES;
				GCC_WARN_64_TO_32_BIT_CONVERSION = YES;
				GCC_WARN_ABOUT_RETURN_TYPE = YES_ERROR;
				GCC_WARN_UNDECLARED_SELECTOR = YES;
				GCC_WARN_UNINITIALIZED_AUTOS = YES_AGGRESSIVE;
				GCC_WARN_UNUSED_FUNCTION = YES;
				GCC_WARN_UNUSED_VARIABLE = YES;
				IPHONEOS_DEPLOYMENT_TARGET = 10.1;
				MTL_ENABLE_DEBUG_INFO = NO;
				SDKROOT = iphoneos;
				SWIFT_OPTIMIZATION_LEVEL = "-Owholemodule";
				VALIDATE_PRODUCT = YES;
			};
			name = Release;
		};
		01EE0BAB1DF09AC30019760F /* Debug */ = {
			isa = XCBuildConfiguration;
			buildSettings = {
				ASSETCATALOG_COMPILER_APPICON_NAME = AppIcon;
				DEVELOPMENT_TEAM = 9A38T68U32;
				INFOPLIST_FILE = PanoramaCamera/Info.plist;
				IPHONEOS_DEPLOYMENT_TARGET = 8.0;
				LD_RUNPATH_SEARCH_PATHS = "$(inherited) @executable_path/Frameworks";
				PRODUCT_BUNDLE_IDENTIFIER = com.jabue.PanoramaCamera;
				PRODUCT_NAME = "$(TARGET_NAME)";
				SWIFT_VERSION = 3.0;
			};
			name = Debug;
		};
		01EE0BAC1DF09AC30019760F /* Release */ = {
			isa = XCBuildConfiguration;
			buildSettings = {
				ASSETCATALOG_COMPILER_APPICON_NAME = AppIcon;
				DEVELOPMENT_TEAM = 9A38T68U32;
				INFOPLIST_FILE = PanoramaCamera/Info.plist;
				IPHONEOS_DEPLOYMENT_TARGET = 8.0;
				LD_RUNPATH_SEARCH_PATHS = "$(inherited) @executable_path/Frameworks";
				PRODUCT_BUNDLE_IDENTIFIER = com.jabue.PanoramaCamera;
				PRODUCT_NAME = "$(TARGET_NAME)";
				SWIFT_VERSION = 3.0;
			};
			name = Release;
		};
/* End XCBuildConfiguration section */

/* Begin XCConfigurationList section */
		01EE0B931DF09AC30019760F /* Build configuration list for PBXProject "PanoramaCamera" */ = {
			isa = XCConfigurationList;
			buildConfigurations = (
				01EE0BA81DF09AC30019760F /* Debug */,
				01EE0BA91DF09AC30019760F /* Release */,
			);
			defaultConfigurationIsVisible = 0;
			defaultConfigurationName = Release;
		};
		01EE0BAA1DF09AC30019760F /* Build configuration list for PBXNativeTarget "PanoramaCamera" */ = {
			isa = XCConfigurationList;
			buildConfigurations = (
				01EE0BAB1DF09AC30019760F /* Debug */,
				01EE0BAC1DF09AC30019760F /* Release */,
			);
			defaultConfigurationIsVisible = 0;
			defaultConfigurationName = Release;
		};
/* End XCConfigurationList section */
	};
	rootObject = 01EE0B901DF09AC30019760F /* Project object */;
}
